
Microsoft Visual Studio Solution File, Format Version 12.00
# Visual Studio Version 17
VisualStudioVersion = 17.0.32014.148
MinimumVisualStudioVersion = 10.0.40219.1
Project("{9A19103F-16F7-4668-BE54-9A1E7A4F7556}") = "Helperland", "Helperland.csproj", "{6C6B4E5C-D00A-49EE-9B6F-7413C0FA579E}"
EndProject
Global
	GlobalSection(SolutionConfigurationPlatforms) = preSolution
		Debug|Any CPU = Debug|Any CPU
		Release|Any CPU = Release|Any CPU
	EndGlobalSection
	GlobalSection(ProjectConfigurationPlatforms) = postSolution
		{6C6B4E5C-D00A-49EE-9B6F-7413C0FA579E}.Debug|Any CPU.ActiveCfg = Debug|Any CPU
		{6C6B4E5C-D00A-49EE-9B6F-7413C0FA579E}.Debug|Any CPU.Build.0 = Debug|Any CPU
		{6C6B4E5C-D00A-49EE-9B6F-7413C0FA579E}.Release|Any CPU.ActiveCfg = Release|Any CPU
		{6C6B4E5C-D00A-49EE-9B6F-7413C0FA579E}.Release|Any CPU.Build.0 = Release|Any CPU
	EndGlobalSection
	GlobalSection(SolutionProperties) = preSolution
		HideSolutionNode = FALSE
	EndGlobalSection
	GlobalSection(ExtensibilityGlobals) = postSolution
		SolutionGuid = {4DB2B715-9DB9-4C79-9307-1E8E83B7BCC3}
	EndGlobalSection
EndGlobal
